
Microsoft Visual Studio Solution File, Format Version 12.00
# Visual Studio Version 17
VisualStudioVersion = 17.7.34031.279
MinimumVisualStudioVersion = 10.0.40219.1
Project("{FAE04EC0-301F-11D3-BF4B-00C04F79EFBC}") = "1. calculator", "1. calculator\1. calculator.csproj", "{7CC03AD3-4E5B-4609-893A-2FA1559FC11F}"
EndProject
Global
	GlobalSection(SolutionConfigurationPlatforms) = preSolution
		Debug|Any CPU = Debug|Any CPU
		Release|Any CPU = Release|Any CPU
	EndGlobalSection
	GlobalSection(ProjectConfigurationPlatforms) = postSolution
		{7CC03AD3-4E5B-4609-893A-2FA1559FC11F}.Debug|Any CPU.ActiveCfg = Debug|Any CPU
		{7CC03AD3-4E5B-4609-893A-2FA1559FC11F}.Debug|Any CPU.Build.0 = Debug|Any CPU
		{7CC03AD3-4E5B-4609-893A-2FA1559FC11F}.Release|Any CPU.ActiveCfg = Release|Any CPU
		{7CC03AD3-4E5B-4609-893A-2FA1559FC11F}.Release|Any CPU.Build.0 = Release|Any CPU
	EndGlobalSection
	GlobalSection(SolutionProperties) = preSolution
		HideSolutionNode = FALSE
	EndGlobalSection
	GlobalSection(ExtensibilityGlobals) = postSolution
		SolutionGuid = {407AF777-534C-458C-825C-A9175823F242}
	EndGlobalSection
EndGlobal
